// !$*UTF8*$!
{
	archiveVersion = 1;
	classes = {
	};
	objectVersion = 46;
	objects = {

/* Begin PBXBuildFile section */
		191DACF519094D0000CD016F /* Foundation.framework in Frameworks */ = {isa = PBXBuildFile; fileRef = 191DACF419094D0000CD016F /* Foundation.framework */; };
		191DACF719094D0000CD016F /* CoreGraphics.framework in Frameworks */ = {isa = PBXBuildFile; fileRef = 191DACF619094D0000CD016F /* CoreGraphics.framework */; };
		191DACF919094D0000CD016F /* UIKit.framework in Frameworks */ = {isa = PBXBuildFile; fileRef = 191DACF819094D0000CD016F /* UIKit.framework */; };
		191DACFF19094D0000CD016F /* InfoPlist.strings in Resources */ = {isa = PBXBuildFile; fileRef = 191DACFD19094D0000CD016F /* InfoPlist.strings */; };
		191DAD0119094D0000CD016F /* main.m in Sources */ = {isa = PBXBuildFile; fileRef = 191DAD0019094D0000CD016F /* main.m */; };
		191DAD0519094D0000CD016F /* CWAppDelegate.m in Sources */ = {isa = PBXBuildFile; fileRef = 191DAD0419094D0000CD016F /* CWAppDelegate.m */; };
		191DAD0819094D0000CD016F /* Main.storyboard in Resources */ = {isa = PBXBuildFile; fileRef = 191DAD0619094D0000CD016F /* Main.storyboard */; };
		191DAD0B19094D0000CD016F /* CWViewController.m in Sources */ = {isa = PBXBuildFile; fileRef = 191DAD0A19094D0000CD016F /* CWViewController.m */; };
		191DAD0D19094D0000CD016F /* Images.xcassets in Resources */ = {isa = PBXBuildFile; fileRef = 191DAD0C19094D0000CD016F /* Images.xcassets */; };
		191DAD1419094D0000CD016F /* XCTest.framework in Frameworks */ = {isa = PBXBuildFile; fileRef = 191DAD1319094D0000CD016F /* XCTest.framework */; };
		191DAD1519094D0000CD016F /* Foundation.framework in Frameworks */ = {isa = PBXBuildFile; fileRef = 191DACF419094D0000CD016F /* Foundation.framework */; };
		191DAD1619094D0000CD016F /* UIKit.framework in Frameworks */ = {isa = PBXBuildFile; fileRef = 191DACF819094D0000CD016F /* UIKit.framework */; };
		191DAD1E19094D0000CD016F /* InfoPlist.strings in Resources */ = {isa = PBXBuildFile; fileRef = 191DAD1C19094D0000CD016F /* InfoPlist.strings */; };
		191DAD2019094D0000CD016F /* DemoTests.m in Sources */ = {isa = PBXBuildFile; fileRef = 191DAD1F19094D0000CD016F /* DemoTests.m */; };
/* End PBXBuildFile section */

/* Begin PBXContainerItemProxy section */
		191DAD1719094D0000CD016F /* PBXContainerItemProxy */ = {
			isa = PBXContainerItemProxy;
			containerPortal = 191DACE919094D0000CD016F /* Project object */;
			proxyType = 1;
			remoteGlobalIDString = 191DACF019094D0000CD016F;
			remoteInfo = Demo;
		};
/* End PBXContainerItemProxy section */

/* Begin PBXFileReference section */
		191DACF119094D0000CD016F /* Demo.app */ = {isa = PBXFileReference; explicitFileType = wrapper.application; includeInIndex = 0; path = Demo.app; sourceTree = BUILT_PRODUCTS_DIR; };
		191DACF419094D0000CD016F /* Foundation.framework */ = {isa = PBXFileReference; lastKnownFileType = wrapper.framework; name = Foundation.framework; path = System/Library/Frameworks/Foundation.framework; sourceTree = SDKROOT; };
		191DACF619094D0000CD016F /* CoreGraphics.framework */ = {isa = PBXFileReference; lastKnownFileType = wrapper.framework; name = CoreGraphics.framework; path = System/Library/Frameworks/CoreGraphics.framework; sourceTree = SDKROOT; };
		191DACF819094D0000CD016F /* UIKit.framework */ = {isa = PBXFileReference; lastKnownFileType = wrapper.framework; name = UIKit.framework; path = System/Library/Frameworks/UIKit.framework; sourceTree = SDKROOT; };
		191DACFC19094D0000CD016F /* Demo-Info.plist */ = {isa = PBXFileReference; lastKnownFileType = text.plist.xml; path = "Demo-Info.plist"; sourceTree = "<group>"; };
		191DACFE19094D0000CD016F /* en */ = {isa = PBXFileReference; lastKnownFileType = text.plist.strings; name = en; path = en.lproj/InfoPlist.strings; sourceTree = "<group>"; };
		191DAD0019094D0000CD016F /* main.m */ = {isa = PBXFileReference; lastKnownFileType = sourcecode.c.objc; path = main.m; sourceTree = "<group>"; };
		191DAD0219094D0000CD016F /* Demo-Prefix.pch */ = {isa = PBXFileReference; lastKnownFileType = sourcecode.c.h; path = "Demo-Prefix.pch"; sourceTree = "<group>"; };
		191DAD0319094D0000CD016F /* CWAppDelegate.h */ = {isa = PBXFileReference; lastKnownFileType = sourcecode.c.h; path = CWAppDelegate.h; sourceTree = "<group>"; };
		191DAD0419094D0000CD016F /* CWAppDelegate.m */ = {isa = PBXFileReference; lastKnownFileType = sourcecode.c.objc; path = CWAppDelegate.m; sourceTree = "<group>"; };
		191DAD0719094D0000CD016F /* Base */ = {isa = PBXFileReference; lastKnownFileType = file.storyboard; name = Base; path = Base.lproj/Main.storyboard; sourceTree = "<group>"; };
		191DAD0919094D0000CD016F /* CWViewController.h */ = {isa = PBXFileReference; lastKnownFileType = sourcecode.c.h; path = CWViewController.h; sourceTree = "<group>"; };
		191DAD0A19094D0000CD016F /* CWViewController.m */ = {isa = PBXFileReference; lastKnownFileType = sourcecode.c.objc; path = CWViewController.m; sourceTree = "<group>"; };
		191DAD0C19094D0000CD016F /* Images.xcassets */ = {isa = PBXFileReference; lastKnownFileType = folder.assetcatalog; path = Images.xcassets; sourceTree = "<group>"; };
		191DAD1219094D0000CD016F /* DemoTests.xctest */ = {isa = PBXFileReference; explicitFileType = wrapper.cfbundle; includeInIndex = 0; path = DemoTests.xctest; sourceTree = BUILT_PRODUCTS_DIR; };
		191DAD1319094D0000CD016F /* XCTest.framework */ = {isa = PBXFileReference; lastKnownFileType = wrapper.framework; name = XCTest.framework; path = Library/Frameworks/XCTest.framework; sourceTree = DEVELOPER_DIR; };
		191DAD1B19094D0000CD016F /* DemoTests-Info.plist */ = {isa = PBXFileReference; lastKnownFileType = text.plist.xml; path = "DemoTests-Info.plist"; sourceTree = "<group>"; };
		191DAD1D19094D0000CD016F /* en */ = {isa = PBXFileReference; lastKnownFileType = text.plist.strings; name = en; path = en.lproj/InfoPlist.strings; sourceTree = "<group>"; };
		191DAD1F19094D0000CD016F /* DemoTests.m */ = {isa = PBXFileReference; lastKnownFileType = sourcecode.c.objc; path = DemoTests.m; sourceTree = "<group>"; };
/* End PBXFileReference section */

/* Begin PBXFrameworksBuildPhase section */
		191DACEE19094D0000CD016F /* Frameworks */ = {
			isa = PBXFrameworksBuildPhase;
			buildActionMask = 2147483647;
			files = (
				191DACF719094D0000CD016F /* CoreGraphics.framework in Frameworks */,
				191DACF919094D0000CD016F /* UIKit.framework in Frameworks */,
				191DACF519094D0000CD016F /* Foundation.framework in Frameworks */,
			);
			runOnlyForDeploymentPostprocessing = 0;
		};
		191DAD0F19094D0000CD016F /* Frameworks */ = {
			isa = PBXFrameworksBuildPhase;
			buildActionMask = 2147483647;
			files = (
				191DAD1419094D0000CD016F /* XCTest.framework in Frameworks */,
				191DAD1619094D0000CD016F /* UIKit.framework in Frameworks */,
				191DAD1519094D0000CD016F /* Foundation.framework in Frameworks */,
			);
			runOnlyForDeploymentPostprocessing = 0;
		};
/* End PBXFrameworksBuildPhase section */

/* Begin PBXGroup section */
		191DACE819094D0000CD016F = {
			isa = PBXGroup;
			children = (
				191DACFA19094D0000CD016F /* Demo */,
				191DAD1919094D0000CD016F /* DemoTests */,
				191DACF319094D0000CD016F /* Frameworks */,
				191DACF219094D0000CD016F /* Products */,
			);
			sourceTree = "<group>";
		};
		191DACF219094D0000CD016F /* Products */ = {
			isa = PBXGroup;
			children = (
				191DACF119094D0000CD016F /* Demo.app */,
				191DAD1219094D0000CD016F /* DemoTests.xctest */,
			);
			name = Products;
			sourceTree = "<group>";
		};
		191DACF319094D0000CD016F /* Frameworks */ = {
			isa = PBXGroup;
			children = (
				191DACF419094D0000CD016F /* Foundation.framework */,
				191DACF619094D0000CD016F /* CoreGraphics.framework */,
				191DACF819094D0000CD016F /* UIKit.framework */,
				191DAD1319094D0000CD016F /* XCTest.framework */,
			);
			name = Frameworks;
			sourceTree = "<group>";
		};
		191DACFA19094D0000CD016F /* Demo */ = {
			isa = PBXGroup;
			children = (
				191DAD0319094D0000CD016F /* CWAppDelegate.h */,
				191DAD0419094D0000CD016F /* CWAppDelegate.m */,
				191DAD0619094D0000CD016F /* Main.storyboard */,
				191DAD0919094D0000CD016F /* CWViewController.h */,
				191DAD0A19094D0000CD016F /* CWViewController.m */,
				191DAD0C19094D0000CD016F /* Images.xcassets */,
				191DACFB19094D0000CD016F /* Supporting Files */,
			);
			path = Demo;
			sourceTree = "<group>";
		};
		191DACFB19094D0000CD016F /* Supporting Files */ = {
			isa = PBXGroup;
			children = (
				191DACFC19094D0000CD016F /* Demo-Info.plist */,
				191DACFD19094D0000CD016F /* InfoPlist.strings */,
				191DAD0019094D0000CD016F /* main.m */,
				191DAD0219094D0000CD016F /* Demo-Prefix.pch */,
			);
			name = "Supporting Files";
			sourceTree = "<group>";
		};
		191DAD1919094D0000CD016F /* DemoTests */ = {
			isa = PBXGroup;
			children = (
				191DAD1F19094D0000CD016F /* DemoTests.m */,
				191DAD1A19094D0000CD016F /* Supporting Files */,
			);
			path = DemoTests;
			sourceTree = "<group>";
		};
		191DAD1A19094D0000CD016F /* Supporting Files */ = {
			isa = PBXGroup;
			children = (
				191DAD1B19094D0000CD016F /* DemoTests-Info.plist */,
				191DAD1C19094D0000CD016F /* InfoPlist.strings */,
			);
			name = "Supporting Files";
			sourceTree = "<group>";
		};
/* End PBXGroup section */

/* Begin PBXNativeTarget section */
		191DACF019094D0000CD016F /* Demo */ = {
			isa = PBXNativeTarget;
			buildConfigurationList = 191DAD2319094D0000CD016F /* Build configuration list for PBXNativeTarget "Demo" */;
			buildPhases = (
				191DACED19094D0000CD016F /* Sources */,
				191DACEE19094D0000CD016F /* Frameworks */,
				191DACEF19094D0000CD016F /* Resources */,
			);
			buildRules = (
			);
			dependencies = (
			);
			name = Demo;
			productName = Demo;
			productReference = 191DACF119094D0000CD016F /* Demo.app */;
			productType = "com.apple.product-type.application";
		};
		191DAD1119094D0000CD016F /* DemoTests */ = {
			isa = PBXNativeTarget;
			buildConfigurationList = 191DAD2619094D0000CD016F /* Build configuration list for PBXNativeTarget "DemoTests" */;
			buildPhases = (
				191DAD0E19094D0000CD016F /* Sources */,
				191DAD0F19094D0000CD016F /* Frameworks */,
				191DAD1019094D0000CD016F /* Resources */,
			);
			buildRules = (
			);
			dependencies = (
				191DAD1819094D0000CD016F /* PBXTargetDependency */,
			);
			name = DemoTests;
			productName = DemoTests;
			productReference = 191DAD1219094D0000CD016F /* DemoTests.xctest */;
			productType = "com.apple.product-type.bundle.unit-test";
		};
/* End PBXNativeTarget section */

/* Begin PBXProject section */
		191DACE919094D0000CD016F /* Project object */ = {
			isa = PBXProject;
			attributes = {
				CLASSPREFIX = CW;
				LastUpgradeCheck = 0510;
				ORGANIZATIONNAME = "Clement Wehrung";
				TargetAttributes = {
					191DAD1119094D0000CD016F = {
						TestTargetID = 191DACF019094D0000CD016F;
					};
				};
			};
			buildConfigurationList = 191DACEC19094D0000CD016F /* Build configuration list for PBXProject "Demo" */;
			compatibilityVersion = "Xcode 3.2";
			developmentRegion = English;
			hasScannedForEncodings = 0;
			knownRegions = (
				en,
				Base,
			);
			mainGroup = 191DACE819094D0000CD016F;
			productRefGroup = 191DACF219094D0000CD016F /* Products */;
			projectDirPath = "";
			projectRoot = "";
			targets = (
				191DACF019094D0000CD016F /* Demo */,
				191DAD1119094D0000CD016F /* DemoTests */,
			);
		};
/* End PBXProject section */

/* Begin PBXResourcesBuildPhase section */
		191DACEF19094D0000CD016F /* Resources */ = {
			isa = PBXResourcesBuildPhase;
			buildActionMask = 2147483647;
			files = (
				191DAD0D19094D0000CD016F /* Images.xcassets in Resources */,
				191DACFF19094D0000CD016F /* InfoPlist.strings in Resources */,
				191DAD0819094D0000CD016F /* Main.storyboard in Resources */,
			);
			runOnlyForDeploymentPostprocessing = 0;
		};
		191DAD1019094D0000CD016F /* Resources */ = {
			isa = PBXResourcesBuildPhase;
			buildActionMask = 2147483647;
			files = (
				191DAD1E19094D0000CD016F /* InfoPlist.strings in Resources */,
			);
			runOnlyForDeploymentPostprocessing = 0;
		};
/* End PBXResourcesBuildPhase section */

/* Begin PBXSourcesBuildPhase section */
		191DACED19094D0000CD016F /* Sources */ = {
			isa = PBXSourcesBuildPhase;
			buildActionMask = 2147483647;
			files = (
				191DAD0519094D0000CD016F /* CWAppDelegate.m in Sources */,
				191DAD0119094D0000CD016F /* main.m in Sources */,
				191DAD0B19094D0000CD016F /* CWViewController.m in Sources */,
			);
			runOnlyForDeploymentPostprocessing = 0;
		};
		191DAD0E19094D0000CD016F /* Sources */ = {
			isa = PBXSourcesBuildPhase;
			buildActionMask = 2147483647;
			files = (
				191DAD2019094D0000CD016F /* DemoTests.m in Sources */,
			);
			runOnlyForDeploymentPostprocessing = 0;
		};
/* End PBXSourcesBuildPhase section */

/* Begin PBXTargetDependency section */
		191DAD1819094D0000CD016F /* PBXTargetDependency */ = {
			isa = PBXTargetDependency;
			target = 191DACF019094D0000CD016F /* Demo */;
			targetProxy = 191DAD1719094D0000CD016F /* PBXContainerItemProxy */;
		};
/* End PBXTargetDependency section */

/* Begin PBXVariantGroup section */
		191DACFD19094D0000CD016F /* InfoPlist.strings */ = {
			isa = PBXVariantGroup;
			children = (
				191DACFE19094D0000CD016F /* en */,
			);
			name = InfoPlist.strings;
			sourceTree = "<group>";
		};
		191DAD0619094D0000CD016F /* Main.storyboard */ = {
			isa = PBXVariantGroup;
			children = (
				191DAD0719094D0000CD016F /* Base */,
			);
			name = Main.storyboard;
			sourceTree = "<group>";
		};
		191DAD1C19094D0000CD016F /* InfoPlist.strings */ = {
			isa = PBXVariantGroup;
			children = (
				191DAD1D19094D0000CD016F /* en */,
			);
			name = InfoPlist.strings;
			sourceTree = "<group>";
		};
/* End PBXVariantGroup section */

/* Begin XCBuildConfiguration section */
		191DAD2119094D0000CD016F /* Debug */ = {
			isa = XCBuildConfiguration;
			buildSettings = {
				ALWAYS_SEARCH_USER_PATHS = NO;
				CLANG_CXX_LANGUAGE_STANDARD = "gnu++0x";
				CLANG_CXX_LIBRARY = "libc++";
				CLANG_ENABLE_MODULES = YES;
				CLANG_ENABLE_OBJC_ARC = YES;
				CLANG_WARN_BOOL_CONVERSION = YES;
				CLANG_WARN_CONSTANT_CONVERSION = YES;
				CLANG_WARN_DIRECT_OBJC_ISA_USAGE = YES_ERROR;
				CLANG_WARN_EMPTY_BODY = YES;
				CLANG_WARN_ENUM_CONVERSION = YES;
				CLANG_WARN_INT_CONVERSION = YES;
				CLANG_WARN_OBJC_ROOT_CLASS = YES_ERROR;
				CLANG_WARN__DUPLICATE_METHOD_MATCH = YES;
				"CODE_SIGN_IDENTITY[sdk=iphoneos*]" = "iPhone Developer";
				COPY_PHASE_STRIP = NO;
				GCC_C_LANGUAGE_STANDARD = gnu99;
				GCC_DYNAMIC_NO_PIC = NO;
				GCC_OPTIMIZATION_LEVEL = 0;
				GCC_PREPROCESSOR_DEFINITIONS = (
					"DEBUG=1",
					"$(inherited)",
				);
				GCC_SYMBOLS_PRIVATE_EXTERN = NO;
				GCC_WARN_64_TO_32_BIT_CONVERSION = YES;
				GCC_WARN_ABOUT_RETURN_TYPE = YES_ERROR;
				GCC_WARN_UNDECLARED_SELECTOR = YES;
				GCC_WARN_UNINITIALIZED_AUTOS = YES_AGGRESSIVE;
				GCC_WARN_UNUSED_FUNCTION = YES;
				GCC_WARN_UNUSED_VARIABLE = YES;
				IPHONEOS_DEPLOYMENT_TARGET = 7.1;
				ONLY_ACTIVE_ARCH = YES;
				SDKROOT = iphoneos;
			};
			name = Debug;
		};
		191DAD2219094D0000CD016F /* Release */ = {
			isa = XCBuildConfiguration;
			buildSettings = {
				ALWAYS_SEARCH_USER_PATHS = NO;
				CLANG_CXX_LANGUAGE_STANDARD = "gnu++0x";
				CLANG_CXX_LIBRARY = "libc++";
				CLANG_ENABLE_MODULES = YES;
				CLANG_ENABLE_OBJC_ARC = YES;
				CLANG_WARN_BOOL_CONVERSION = YES;
				CLANG_WARN_CONSTANT_CONVERSION = YES;
				CLANG_WARN_DIRECT_OBJC_ISA_USAGE = YES_ERROR;
				CLANG_WARN_EMPTY_BODY = YES;
				CLANG_WARN_ENUM_CONVERSION = YES;
				CLANG_WARN_INT_CONVERSION = YES;
				CLANG_WARN_OBJC_ROOT_CLASS = YES_ERROR;
				CLANG_WARN__DUPLICATE_METHOD_MATCH = YES;
				"CODE_SIGN_IDENTITY[sdk=iphoneos*]" = "iPhone Developer";
				COPY_PHASE_STRIP = YES;
				ENABLE_NS_ASSERTIONS = NO;
				GCC_C_LANGUAGE_STANDARD = gnu99;
				GCC_WARN_64_TO_32_BIT_CONVERSION = YES;
				GCC_WARN_ABOUT_RETURN_TYPE = YES_ERROR;
				GCC_WARN_UNDECLARED_SELECTOR = YES;
				GCC_WARN_UNINITIALIZED_AUTOS = YES_AGGRESSIVE;
				GCC_WARN_UNUSED_FUNCTION = YES;
				GCC_WARN_UNUSED_VARIABLE = YES;
				IPHONEOS_DEPLOYMENT_TARGET = 7.1;
				SDKROOT = iphoneos;
				VALIDATE_PRODUCT = YES;
			};
			name = Release;
		};
		191DAD2419094D0000CD016F /* Debug */ = {
			isa = XCBuildConfiguration;
			buildSettings = {
				ASSETCATALOG_COMPILER_APPICON_NAME = AppIcon;
				ASSETCATALOG_COMPILER_LAUNCHIMAGE_NAME = LaunchImage;
				GCC_PRECOMPILE_PREFIX_HEADER = YES;
				GCC_PREFIX_HEADER = "Demo/Demo-Prefix.pch";
				INFOPLIST_FILE = "Demo/Demo-Info.plist";
				PRODUCT_NAME = "$(TARGET_NAME)";
				WRAPPER_EXTENSION = app;
			};
			name = Debug;
		};
		191DAD2519094D0000CD016F /* Release */ = {
			isa = XCBuildConfiguration;
			buildSettings = {
				ASSETCATALOG_COMPILER_APPICON_NAME = AppIcon;
				ASSETCATALOG_COMPILER_LAUNCHIMAGE_NAME = LaunchImage;
				GCC_PRECOMPILE_PREFIX_HEADER = YES;
				GCC_PREFIX_HEADER = "Demo/Demo-Prefix.pch";
				INFOPLIST_FILE = "Demo/Demo-Info.plist";
				PRODUCT_NAME = "$(TARGET_NAME)";
				WRAPPER_EXTENSION = app;
			};
			name = Release;
		};
		191DAD2719094D0000CD016F /* Debug */ = {
			isa = XCBuildConfiguration;
			buildSettings = {
				BUNDLE_LOADER = "$(BUILT_PRODUCTS_DIR)/Demo.app/Demo";
				FRAMEWORK_SEARCH_PATHS = (
					"$(SDKROOT)/Developer/Library/Frameworks",
					"$(inherited)",
					"$(DEVELOPER_FRAMEWORKS_DIR)",
				);
				GCC_PRECOMPILE_PREFIX_HEADER = YES;
				GCC_PREFIX_HEADER = "Demo/Demo-Prefix.pch";
				GCC_PREPROCESSOR_DEFINITIONS = (
					"DEBUG=1",
					"$(inherited)",
				);
				INFOPLIST_FILE = "DemoTests/DemoTests-Info.plist";
				PRODUCT_NAME = "$(TARGET_NAME)";
				TEST_HOST = "$(BUNDLE_LOADER)";
				WRAPPER_EXTENSION = xctest;
			};
			name = Debug;
		};
		191DAD2819094D0000CD016F /* Release */ = {
			isa = XCBuildConfiguration;
			buildSettings = {
				BUNDLE_LOADER = "$(BUILT_PRODUCTS_DIR)/Demo.app/Demo";
				FRAMEWORK_SEARCH_PATHS = (
					"$(SDKROOT)/Developer/Library/Frameworks",
					"$(inherited)",
					"$(DEVELOPER_FRAMEWORKS_DIR)",
				);
				GCC_PRECOMPILE_PREFIX_HEADER = YES;
				GCC_PREFIX_HEADER = "Demo/Demo-Prefix.pch";
				INFOPLIST_FILE = "DemoTests/DemoTests-Info.plist";
				PRODUCT_NAME = "$(TARGET_NAME)";
				TEST_HOST = "$(BUNDLE_LOADER)";
				WRAPPER_EXTENSION = xctest;
			};
			name = Release;
		};
/* End XCBuildConfiguration section */

/* Begin XCConfigurationList section */
		191DACEC19094D0000CD016F /* Build configuration list for PBXProject "Demo" */ = {
			isa = XCConfigurationList;
			buildConfigurations = (
				191DAD2119094D0000CD016F /* Debug */,
				191DAD2219094D0000CD016F /* Release */,
			);
			defaultConfigurationIsVisible = 0;
			defaultConfigurationName = Release;
		};
		191DAD2319094D0000CD016F /* Build configuration list for PBXNativeTarget "Demo" */ = {
			isa = XCConfigurationList;
			buildConfigurations = (
				191DAD2419094D0000CD016F /* Debug */,
				191DAD2519094D0000CD016F /* Release */,
			);
			defaultConfigurationIsVisible = 0;
		};
		191DAD2619094D0000CD016F /* Build configuration list for PBXNativeTarget "DemoTests" */ = {
			isa = XCConfigurationList;
			buildConfigurations = (
				191DAD2719094D0000CD016F /* Debug */,
				191DAD2819094D0000CD016F /* Release */,
			);
			defaultConfigurationIsVisible = 0;
		};
/* End XCConfigurationList section */
	};
	rootObject = 191DACE919094D0000CD016F /* Project object */;
}
